
Microsoft Visual Studio Solution File, Format Version 12.00
# Visual Studio Version 17
VisualStudioVersion = 17.14.36518.9
MinimumVisualStudioVersion = 10.0.40219.1
Project("{FAE04EC0-301F-11D3-BF4B-00C04F79EFBC}") = "Veterinaria", "Veterinaria.csproj", "{C6FB40DC-84F8-40F5-B9A7-C48B26ACB2CF}"
EndProject
Global
	GlobalSection(SolutionConfigurationPlatforms) = preSolution
		Debug|Any CPU = Debug|Any CPU
		Release|Any CPU = Release|Any CPU
	EndGlobalSection
	GlobalSection(ProjectConfigurationPlatforms) = postSolution
		{C6FB40DC-84F8-40F5-B9A7-C48B26ACB2CF}.Debug|Any CPU.ActiveCfg = Debug|Any CPU
		{C6FB40DC-84F8-40F5-B9A7-C48B26ACB2CF}.Debug|Any CPU.Build.0 = Debug|Any CPU
		{C6FB40DC-84F8-40F5-B9A7-C48B26ACB2CF}.Release|Any CPU.ActiveCfg = Release|Any CPU
		{C6FB40DC-84F8-40F5-B9A7-C48B26ACB2CF}.Release|Any CPU.Build.0 = Release|Any CPU
	EndGlobalSection
	GlobalSection(SolutionProperties) = preSolution
		HideSolutionNode = FALSE
	EndGlobalSection
	GlobalSection(ExtensibilityGlobals) = postSolution
		SolutionGuid = {594CDBA9-9BB7-4993-967B-91FCBE3C3BC4}
	EndGlobalSection
EndGlobal
